
Microsoft Visual Studio Solution File, Format Version 12.00
# Visual Studio Version 17
VisualStudioVersion = 17.3.32901.215
MinimumVisualStudioVersion = 10.0.40219.1
Project("{FAE04EC0-301F-11D3-BF4B-00C04F79EFBC}") = "ornek1", "ornek1\ornek1.csproj", "{27D84C55-EA2F-402D-9B71-3117DEE71C65}"
EndProject
Global
	GlobalSection(SolutionConfigurationPlatforms) = preSolution
		Debug|Any CPU = Debug|Any CPU
		Release|Any CPU = Release|Any CPU
	EndGlobalSection
	GlobalSection(ProjectConfigurationPlatforms) = postSolution
		{27D84C55-EA2F-402D-9B71-3117DEE71C65}.Debug|Any CPU.ActiveCfg = Debug|Any CPU
		{27D84C55-EA2F-402D-9B71-3117DEE71C65}.Debug|Any CPU.Build.0 = Debug|Any CPU
		{27D84C55-EA2F-402D-9B71-3117DEE71C65}.Release|Any CPU.ActiveCfg = Release|Any CPU
		{27D84C55-EA2F-402D-9B71-3117DEE71C65}.Release|Any CPU.Build.0 = Release|Any CPU
	EndGlobalSection
	GlobalSection(SolutionProperties) = preSolution
		HideSolutionNode = FALSE
	EndGlobalSection
	GlobalSection(ExtensibilityGlobals) = postSolution
		SolutionGuid = {3827B0EB-557E-445A-8ECB-97005BAB01E4}
	EndGlobalSection
EndGlobal
